
Microsoft Visual Studio Solution File, Format Version 12.00
# Visual Studio Version 16
VisualStudioVersion = 16.0.30804.86
MinimumVisualStudioVersion = 10.0.40219.1
Project("{2150E333-8FDC-42A3-9474-1A3956D46DE8}") = "DAL", "DAL", "{2ACF9B79-B890-4E6F-8943-9A61E483A074}"
EndProject
Project("{2150E333-8FDC-42A3-9474-1A3956D46DE8}") = "BLL", "BLL", "{12EE15E0-4998-4E40-9767-31ADA10BA286}"
EndProject
Project("{2150E333-8FDC-42A3-9474-1A3956D46DE8}") = "PL", "PL", "{92CAFE9B-5DCA-4C5A-8545-92F5F2D50FE7}"
EndProject
Project("{2150E333-8FDC-42A3-9474-1A3956D46DE8}") = "Common", "Common", "{1AFC6523-B142-44A5-9AF9-25FAFBF3AA49}"
EndProject
Project("{FAE04EC0-301F-11D3-BF4B-00C04F79EFBC}") = "Epam.TL.OnlinePhoto.FlachPictures.ASPweb.PL", "Epam.TL.OnlinePhoto.FlachPictures.ASPweb.PL\Epam.TL.OnlinePhoto.FlachPictures.ASPweb.PL.csproj", "{377198E1-038E-4813-855B-3800CC4FA339}"
EndProject
Global
	GlobalSection(SolutionConfigurationPlatforms) = preSolution
		Debug|Any CPU = Debug|Any CPU
		Release|Any CPU = Release|Any CPU
	EndGlobalSection
	GlobalSection(ProjectConfigurationPlatforms) = postSolution
		{377198E1-038E-4813-855B-3800CC4FA339}.Debug|Any CPU.ActiveCfg = Debug|Any CPU
		{377198E1-038E-4813-855B-3800CC4FA339}.Debug|Any CPU.Build.0 = Debug|Any CPU
		{377198E1-038E-4813-855B-3800CC4FA339}.Release|Any CPU.ActiveCfg = Release|Any CPU
		{377198E1-038E-4813-855B-3800CC4FA339}.Release|Any CPU.Build.0 = Release|Any CPU
	EndGlobalSection
	GlobalSection(SolutionProperties) = preSolution
		HideSolutionNode = FALSE
	EndGlobalSection
	GlobalSection(NestedProjects) = preSolution
		{377198E1-038E-4813-855B-3800CC4FA339} = {92CAFE9B-5DCA-4C5A-8545-92F5F2D50FE7}
	EndGlobalSection
	GlobalSection(ExtensibilityGlobals) = postSolution
		SolutionGuid = {05CA411D-CFA0-4857-845A-C14E741689CA}
	EndGlobalSection
EndGlobal
