
Microsoft Visual Studio Solution File, Format Version 12.00
# Visual Studio Version 16
VisualStudioVersion = 16.0.30804.86
MinimumVisualStudioVersion = 10.0.40219.1
Project("{FAE04EC0-301F-11D3-BF4B-00C04F79EFBC}") = "1.1.4. X-Mas Tree", "1.1.4. X-Mas Tree\1.1.4. X-Mas Tree.csproj", "{FD14C5DF-1AD5-4723-BDE0-19E4394C912D}"
EndProject
Global
	GlobalSection(SolutionConfigurationPlatforms) = preSolution
		Debug|Any CPU = Debug|Any CPU
		Release|Any CPU = Release|Any CPU
	EndGlobalSection
	GlobalSection(ProjectConfigurationPlatforms) = postSolution
		{FD14C5DF-1AD5-4723-BDE0-19E4394C912D}.Debug|Any CPU.ActiveCfg = Debug|Any CPU
		{FD14C5DF-1AD5-4723-BDE0-19E4394C912D}.Debug|Any CPU.Build.0 = Debug|Any CPU
		{FD14C5DF-1AD5-4723-BDE0-19E4394C912D}.Release|Any CPU.ActiveCfg = Release|Any CPU
		{FD14C5DF-1AD5-4723-BDE0-19E4394C912D}.Release|Any CPU.Build.0 = Release|Any CPU
	EndGlobalSection
	GlobalSection(SolutionProperties) = preSolution
		HideSolutionNode = FALSE
	EndGlobalSection
	GlobalSection(ExtensibilityGlobals) = postSolution
		SolutionGuid = {5AE12285-57E3-4572-9AA7-02D63463B98C}
	EndGlobalSection
EndGlobal
