
Microsoft Visual Studio Solution File, Format Version 12.00
# Visual Studio Version 16
VisualStudioVersion = 16.0.30804.86
MinimumVisualStudioVersion = 10.0.40219.1
Project("{FAE04EC0-301F-11D3-BF4B-00C04F79EFBC}") = "1.1.1_Rectangle", "1.1.1_Rectangle\1.1.1_Rectangle.csproj", "{9CA55AA7-1496-440A-855D-555586F38BEB}"
EndProject
Global
	GlobalSection(SolutionConfigurationPlatforms) = preSolution
		Debug|Any CPU = Debug|Any CPU
		Release|Any CPU = Release|Any CPU
	EndGlobalSection
	GlobalSection(ProjectConfigurationPlatforms) = postSolution
		{9CA55AA7-1496-440A-855D-555586F38BEB}.Debug|Any CPU.ActiveCfg = Debug|Any CPU
		{9CA55AA7-1496-440A-855D-555586F38BEB}.Debug|Any CPU.Build.0 = Debug|Any CPU
		{9CA55AA7-1496-440A-855D-555586F38BEB}.Release|Any CPU.ActiveCfg = Release|Any CPU
		{9CA55AA7-1496-440A-855D-555586F38BEB}.Release|Any CPU.Build.0 = Release|Any CPU
	EndGlobalSection
	GlobalSection(SolutionProperties) = preSolution
		HideSolutionNode = FALSE
	EndGlobalSection
	GlobalSection(ExtensibilityGlobals) = postSolution
		SolutionGuid = {BCF3EAB8-07E7-4537-BE82-9AC97BDDE8F8}
	EndGlobalSection
EndGlobal
