
Microsoft Visual Studio Solution File, Format Version 12.00
# Visual Studio Version 16
VisualStudioVersion = 16.0.30804.86
MinimumVisualStudioVersion = 10.0.40219.1
Project("{9A19103F-16F7-4668-BE54-9A1E7A4F7556}") = "1.1.6. Font Adjustment", "1.1.6. Font Adjustment\1.1.6. Font Adjustment.csproj", "{23B4957E-6B94-415B-B6F8-03190BBCC10A}"
EndProject
Project("{FAE04EC0-301F-11D3-BF4B-00C04F79EFBC}") = "1.1.6_V2", "1.1.6_V2\1.1.6_V2.csproj", "{B2B9F27E-8612-4D24-B084-C8DD9E512F8E}"
EndProject
Global
	GlobalSection(SolutionConfigurationPlatforms) = preSolution
		Debug|Any CPU = Debug|Any CPU
		Release|Any CPU = Release|Any CPU
	EndGlobalSection
	GlobalSection(ProjectConfigurationPlatforms) = postSolution
		{23B4957E-6B94-415B-B6F8-03190BBCC10A}.Debug|Any CPU.ActiveCfg = Debug|Any CPU
		{23B4957E-6B94-415B-B6F8-03190BBCC10A}.Debug|Any CPU.Build.0 = Debug|Any CPU
		{23B4957E-6B94-415B-B6F8-03190BBCC10A}.Release|Any CPU.ActiveCfg = Release|Any CPU
		{23B4957E-6B94-415B-B6F8-03190BBCC10A}.Release|Any CPU.Build.0 = Release|Any CPU
		{B2B9F27E-8612-4D24-B084-C8DD9E512F8E}.Debug|Any CPU.ActiveCfg = Debug|Any CPU
		{B2B9F27E-8612-4D24-B084-C8DD9E512F8E}.Debug|Any CPU.Build.0 = Debug|Any CPU
		{B2B9F27E-8612-4D24-B084-C8DD9E512F8E}.Release|Any CPU.ActiveCfg = Release|Any CPU
		{B2B9F27E-8612-4D24-B084-C8DD9E512F8E}.Release|Any CPU.Build.0 = Release|Any CPU
	EndGlobalSection
	GlobalSection(SolutionProperties) = preSolution
		HideSolutionNode = FALSE
	EndGlobalSection
	GlobalSection(ExtensibilityGlobals) = postSolution
		SolutionGuid = {020F2C6B-A7EE-4115-ABFD-2EF688CC00E2}
	EndGlobalSection
EndGlobal
