
Microsoft Visual Studio Solution File, Format Version 12.00
# Visual Studio Version 16
VisualStudioVersion = 16.0.30804.86
MinimumVisualStudioVersion = 10.0.40219.1
Project("{FAE04EC0-301F-11D3-BF4B-00C04F79EFBC}") = "3.2.1. DYNAMIC ARRAY", "3.2.1. DYNAMIC ARRAY\3.2.1. DYNAMIC ARRAY.csproj", "{9660A2D0-73CF-4B5A-91DA-6D3C6305D6D2}"
EndProject
Global
	GlobalSection(SolutionConfigurationPlatforms) = preSolution
		Debug|Any CPU = Debug|Any CPU
		Release|Any CPU = Release|Any CPU
	EndGlobalSection
	GlobalSection(ProjectConfigurationPlatforms) = postSolution
		{9660A2D0-73CF-4B5A-91DA-6D3C6305D6D2}.Debug|Any CPU.ActiveCfg = Debug|Any CPU
		{9660A2D0-73CF-4B5A-91DA-6D3C6305D6D2}.Debug|Any CPU.Build.0 = Debug|Any CPU
		{9660A2D0-73CF-4B5A-91DA-6D3C6305D6D2}.Release|Any CPU.ActiveCfg = Release|Any CPU
		{9660A2D0-73CF-4B5A-91DA-6D3C6305D6D2}.Release|Any CPU.Build.0 = Release|Any CPU
	EndGlobalSection
	GlobalSection(SolutionProperties) = preSolution
		HideSolutionNode = FALSE
	EndGlobalSection
	GlobalSection(ExtensibilityGlobals) = postSolution
		SolutionGuid = {A080E25C-1FE7-4C18-A6F8-B3B1D54917C0}
	EndGlobalSection
EndGlobal
